
Microsoft Visual Studio Solution File, Format Version 12.00
# Visual Studio Version 16
VisualStudioVersion = 16.0.30717.126
MinimumVisualStudioVersion = 10.0.40219.1
Project("{FAE04EC0-301F-11D3-BF4B-00C04F79EFBC}") = "Exercicio01", "Exercicio01.csproj", "{920896DB-58D4-4644-8CF6-CA2FE9CA6ED4}"
EndProject
Global
	GlobalSection(SolutionConfigurationPlatforms) = preSolution
		Debug|Any CPU = Debug|Any CPU
		Release|Any CPU = Release|Any CPU
	EndGlobalSection
	GlobalSection(ProjectConfigurationPlatforms) = postSolution
		{920896DB-58D4-4644-8CF6-CA2FE9CA6ED4}.Debug|Any CPU.ActiveCfg = Debug|Any CPU
		{920896DB-58D4-4644-8CF6-CA2FE9CA6ED4}.Debug|Any CPU.Build.0 = Debug|Any CPU
		{920896DB-58D4-4644-8CF6-CA2FE9CA6ED4}.Release|Any CPU.ActiveCfg = Release|Any CPU
		{920896DB-58D4-4644-8CF6-CA2FE9CA6ED4}.Release|Any CPU.Build.0 = Release|Any CPU
	EndGlobalSection
	GlobalSection(SolutionProperties) = preSolution
		HideSolutionNode = FALSE
	EndGlobalSection
	GlobalSection(ExtensibilityGlobals) = postSolution
		SolutionGuid = {CC91C8FD-4794-4D82-AFE9-0F905B759E91}
	EndGlobalSection
EndGlobal
